// !$*UTF8*$!
{
	archiveVersion = 1;
	classes = {
	};
	objectVersion = 46;
	objects = {

/* Begin PBXBuildFile section */
		4397DD1E1BEA5984002D6176 /* AppDelegate.swift in Sources */ = {isa = PBXBuildFile; fileRef = 4397DD1D1BEA5984002D6176 /* AppDelegate.swift */; };
		4397DD201BEA5984002D6176 /* ViewController.swift in Sources */ = {isa = PBXBuildFile; fileRef = 4397DD1F1BEA5984002D6176 /* ViewController.swift */; };
		4397DD231BEA5984002D6176 /* Main.storyboard in Resources */ = {isa = PBXBuildFile; fileRef = 4397DD211BEA5984002D6176 /* Main.storyboard */; };
		4397DD251BEA5984002D6176 /* Assets.xcassets in Resources */ = {isa = PBXBuildFile; fileRef = 4397DD241BEA5984002D6176 /* Assets.xcassets */; };
		4397DD281BEA5984002D6176 /* LaunchScreen.storyboard in Resources */ = {isa = PBXBuildFile; fileRef = 4397DD261BEA5984002D6176 /* LaunchScreen.storyboard */; };
		4397DD331BEA5984002D6176 /* DeezerTests.swift in Sources */ = {isa = PBXBuildFile; fileRef = 4397DD321BEA5984002D6176 /* DeezerTests.swift */; };
		4397DD3E1BEA5985002D6176 /* DeezerUITests.swift in Sources */ = {isa = PBXBuildFile; fileRef = 4397DD3D1BEA5985002D6176 /* DeezerUITests.swift */; };
/* End PBXBuildFile section */

/* Begin PBXContainerItemProxy section */
		4397DD2F1BEA5984002D6176 /* PBXContainerItemProxy */ = {
			isa = PBXContainerItemProxy;
			containerPortal = 4397DD121BEA5984002D6176 /* Project object */;
			proxyType = 1;
			remoteGlobalIDString = 4397DD191BEA5984002D6176;
			remoteInfo = Deezer;
		};
		4397DD3A1BEA5984002D6176 /* PBXContainerItemProxy */ = {
			isa = PBXContainerItemProxy;
			containerPortal = 4397DD121BEA5984002D6176 /* Project object */;
			proxyType = 1;
			remoteGlobalIDString = 4397DD191BEA5984002D6176;
			remoteInfo = Deezer;
		};
/* End PBXContainerItemProxy section */

/* Begin PBXFileReference section */
		4397DD1A1BEA5984002D6176 /* Deezer.app */ = {isa = PBXFileReference; explicitFileType = wrapper.application; includeInIndex = 0; path = Deezer.app; sourceTree = BUILT_PRODUCTS_DIR; };
		4397DD1D1BEA5984002D6176 /* AppDelegate.swift */ = {isa = PBXFileReference; lastKnownFileType = sourcecode.swift; path = AppDelegate.swift; sourceTree = "<group>"; };
		4397DD1F1BEA5984002D6176 /* ViewController.swift */ = {isa = PBXFileReference; lastKnownFileType = sourcecode.swift; path = ViewController.swift; sourceTree = "<group>"; };
		4397DD221BEA5984002D6176 /* Base */ = {isa = PBXFileReference; lastKnownFileType = file.storyboard; name = Base; path = Base.lproj/Main.storyboard; sourceTree = "<group>"; };
		4397DD241BEA5984002D6176 /* Assets.xcassets */ = {isa = PBXFileReference; lastKnownFileType = folder.assetcatalog; path = Assets.xcassets; sourceTree = "<group>"; };
		4397DD271BEA5984002D6176 /* Base */ = {isa = PBXFileReference; lastKnownFileType = file.storyboard; name = Base; path = Base.lproj/LaunchScreen.storyboard; sourceTree = "<group>"; };
		4397DD291BEA5984002D6176 /* Info.plist */ = {isa = PBXFileReference; lastKnownFileType = text.plist.xml; path = Info.plist; sourceTree = "<group>"; };
		4397DD2E1BEA5984002D6176 /* DeezerTests.xctest */ = {isa = PBXFileReference; explicitFileType = wrapper.cfbundle; includeInIndex = 0; path = DeezerTests.xctest; sourceTree = BUILT_PRODUCTS_DIR; };
		4397DD321BEA5984002D6176 /* DeezerTests.swift */ = {isa = PBXFileReference; lastKnownFileType = sourcecode.swift; path = DeezerTests.swift; sourceTree = "<group>"; };
		4397DD341BEA5984002D6176 /* Info.plist */ = {isa = PBXFileReference; lastKnownFileType = text.plist.xml; path = Info.plist; sourceTree = "<group>"; };
		4397DD391BEA5984002D6176 /* DeezerUITests.xctest */ = {isa = PBXFileReference; explicitFileType = wrapper.cfbundle; includeInIndex = 0; path = DeezerUITests.xctest; sourceTree = BUILT_PRODUCTS_DIR; };
		4397DD3D1BEA5985002D6176 /* DeezerUITests.swift */ = {isa = PBXFileReference; lastKnownFileType = sourcecode.swift; path = DeezerUITests.swift; sourceTree = "<group>"; };
		4397DD3F1BEA5985002D6176 /* Info.plist */ = {isa = PBXFileReference; lastKnownFileType = text.plist.xml; path = Info.plist; sourceTree = "<group>"; };
/* End PBXFileReference section */

/* Begin PBXFrameworksBuildPhase section */
		4397DD171BEA5984002D6176 /* Frameworks */ = {
			isa = PBXFrameworksBuildPhase;
			buildActionMask = 2147483647;
			files = (
			);
			runOnlyForDeploymentPostprocessing = 0;
		};
		4397DD2B1BEA5984002D6176 /* Frameworks */ = {
			isa = PBXFrameworksBuildPhase;
			buildActionMask = 2147483647;
			files = (
			);
			runOnlyForDeploymentPostprocessing = 0;
		};
		4397DD361BEA5984002D6176 /* Frameworks */ = {
			isa = PBXFrameworksBuildPhase;
			buildActionMask = 2147483647;
			files = (
			);
			runOnlyForDeploymentPostprocessing = 0;
		};
/* End PBXFrameworksBuildPhase section */

/* Begin PBXGroup section */
		4397DD111BEA5984002D6176 = {
			isa = PBXGroup;
			children = (
				4397DD1C1BEA5984002D6176 /* Deezer */,
				4397DD311BEA5984002D6176 /* DeezerTests */,
				4397DD3C1BEA5985002D6176 /* DeezerUITests */,
				4397DD1B1BEA5984002D6176 /* Products */,
			);
			sourceTree = "<group>";
		};
		4397DD1B1BEA5984002D6176 /* Products */ = {
			isa = PBXGroup;
			children = (
				4397DD1A1BEA5984002D6176 /* Deezer.app */,
				4397DD2E1BEA5984002D6176 /* DeezerTests.xctest */,
				4397DD391BEA5984002D6176 /* DeezerUITests.xctest */,
			);
			name = Products;
			sourceTree = "<group>";
		};
		4397DD1C1BEA5984002D6176 /* Deezer */ = {
			isa = PBXGroup;
			children = (
				4397DD1D1BEA5984002D6176 /* AppDelegate.swift */,
				4397DD1F1BEA5984002D6176 /* ViewController.swift */,
				4397DD211BEA5984002D6176 /* Main.storyboard */,
				4397DD241BEA5984002D6176 /* Assets.xcassets */,
				4397DD261BEA5984002D6176 /* LaunchScreen.storyboard */,
				4397DD291BEA5984002D6176 /* Info.plist */,
			);
			path = Deezer;
			sourceTree = "<group>";
		};
		4397DD311BEA5984002D6176 /* DeezerTests */ = {
			isa = PBXGroup;
			children = (
				4397DD321BEA5984002D6176 /* DeezerTests.swift */,
				4397DD341BEA5984002D6176 /* Info.plist */,
			);
			path = DeezerTests;
			sourceTree = "<group>";
		};
		4397DD3C1BEA5985002D6176 /* DeezerUITests */ = {
			isa = PBXGroup;
			children = (
				4397DD3D1BEA5985002D6176 /* DeezerUITests.swift */,
				4397DD3F1BEA5985002D6176 /* Info.plist */,
			);
			path = DeezerUITests;
			sourceTree = "<group>";
		};
/* End PBXGroup section */

/* Begin PBXNativeTarget section */
		4397DD191BEA5984002D6176 /* Deezer */ = {
			isa = PBXNativeTarget;
			buildConfigurationList = 4397DD421BEA5985002D6176 /* Build configuration list for PBXNativeTarget "Deezer" */;
			buildPhases = (
				4397DD161BEA5984002D6176 /* Sources */,
				4397DD171BEA5984002D6176 /* Frameworks */,
				4397DD181BEA5984002D6176 /* Resources */,
			);
			buildRules = (
			);
			dependencies = (
			);
			name = Deezer;
			productName = Deezer;
			productReference = 4397DD1A1BEA5984002D6176 /* Deezer.app */;
			productType = "com.apple.product-type.application";
		};
		4397DD2D1BEA5984002D6176 /* DeezerTests */ = {
			isa = PBXNativeTarget;
			buildConfigurationList = 4397DD451BEA5985002D6176 /* Build configuration list for PBXNativeTarget "DeezerTests" */;
			buildPhases = (
				4397DD2A1BEA5984002D6176 /* Sources */,
				4397DD2B1BEA5984002D6176 /* Frameworks */,
				4397DD2C1BEA5984002D6176 /* Resources */,
			);
			buildRules = (
			);
			dependencies = (
				4397DD301BEA5984002D6176 /* PBXTargetDependency */,
			);
			name = DeezerTests;
			productName = DeezerTests;
			productReference = 4397DD2E1BEA5984002D6176 /* DeezerTests.xctest */;
			productType = "com.apple.product-type.bundle.unit-test";
		};
		4397DD381BEA5984002D6176 /* DeezerUITests */ = {
			isa = PBXNativeTarget;
			buildConfigurationList = 4397DD481BEA5985002D6176 /* Build configuration list for PBXNativeTarget "DeezerUITests" */;
			buildPhases = (
				4397DD351BEA5984002D6176 /* Sources */,
				4397DD361BEA5984002D6176 /* Frameworks */,
				4397DD371BEA5984002D6176 /* Resources */,
			);
			buildRules = (
			);
			dependencies = (
				4397DD3B1BEA5984002D6176 /* PBXTargetDependency */,
			);
			name = DeezerUITests;
			productName = DeezerUITests;
			productReference = 4397DD391BEA5984002D6176 /* DeezerUITests.xctest */;
			productType = "com.apple.product-type.bundle.ui-testing";
		};
/* End PBXNativeTarget section */

/* Begin PBXProject section */
		4397DD121BEA5984002D6176 /* Project object */ = {
			isa = PBXProject;
			attributes = {
				LastSwiftUpdateCheck = 0710;
				LastUpgradeCheck = 0710;
				ORGANIZATIONNAME = "Dorian Cheignon";
				TargetAttributes = {
					4397DD191BEA5984002D6176 = {
						CreatedOnToolsVersion = 7.1;
					};
					4397DD2D1BEA5984002D6176 = {
						CreatedOnToolsVersion = 7.1;
						TestTargetID = 4397DD191BEA5984002D6176;
					};
					4397DD381BEA5984002D6176 = {
						CreatedOnToolsVersion = 7.1;
						TestTargetID = 4397DD191BEA5984002D6176;
					};
				};
			};
			buildConfigurationList = 4397DD151BEA5984002D6176 /* Build configuration list for PBXProject "Deezer" */;
			compatibilityVersion = "Xcode 3.2";
			developmentRegion = English;
			hasScannedForEncodings = 0;
			knownRegions = (
				en,
				Base,
			);
			mainGroup = 4397DD111BEA5984002D6176;
			productRefGroup = 4397DD1B1BEA5984002D6176 /* Products */;
			projectDirPath = "";
			projectRoot = "";
			targets = (
				4397DD191BEA5984002D6176 /* Deezer */,
				4397DD2D1BEA5984002D6176 /* DeezerTests */,
				4397DD381BEA5984002D6176 /* DeezerUITests */,
			);
		};
/* End PBXProject section */

/* Begin PBXResourcesBuildPhase section */
		4397DD181BEA5984002D6176 /* Resources */ = {
			isa = PBXResourcesBuildPhase;
			buildActionMask = 2147483647;
			files = (
				4397DD281BEA5984002D6176 /* LaunchScreen.storyboard in Resources */,
				4397DD251BEA5984002D6176 /* Assets.xcassets in Resources */,
				4397DD231BEA5984002D6176 /* Main.storyboard in Resources */,
			);
			runOnlyForDeploymentPostprocessing = 0;
		};
		4397DD2C1BEA5984002D6176 /* Resources */ = {
			isa = PBXResourcesBuildPhase;
			buildActionMask = 2147483647;
			files = (
			);
			runOnlyForDeploymentPostprocessing = 0;
		};
		4397DD371BEA5984002D6176 /* Resources */ = {
			isa = PBXResourcesBuildPhase;
			buildActionMask = 2147483647;
			files = (
			);
			runOnlyForDeploymentPostprocessing = 0;
		};
/* End PBXResourcesBuildPhase section */

/* Begin PBXSourcesBuildPhase section */
		4397DD161BEA5984002D6176 /* Sources */ = {
			isa = PBXSourcesBuildPhase;
			buildActionMask = 2147483647;
			files = (
				4397DD201BEA5984002D6176 /* ViewController.swift in Sources */,
				4397DD1E1BEA5984002D6176 /* AppDelegate.swift in Sources */,
			);
			runOnlyForDeploymentPostprocessing = 0;
		};
		4397DD2A1BEA5984002D6176 /* Sources */ = {
			isa = PBXSourcesBuildPhase;
			buildActionMask = 2147483647;
			files = (
				4397DD331BEA5984002D6176 /* DeezerTests.swift in Sources */,
			);
			runOnlyForDeploymentPostprocessing = 0;
		};
		4397DD351BEA5984002D6176 /* Sources */ = {
			isa = PBXSourcesBuildPhase;
			buildActionMask = 2147483647;
			files = (
				4397DD3E1BEA5985002D6176 /* DeezerUITests.swift in Sources */,
			);
			runOnlyForDeploymentPostprocessing = 0;
		};
/* End PBXSourcesBuildPhase section */

/* Begin PBXTargetDependency section */
		4397DD301BEA5984002D6176 /* PBXTargetDependency */ = {
			isa = PBXTargetDependency;
			target = 4397DD191BEA5984002D6176 /* Deezer */;
			targetProxy = 4397DD2F1BEA5984002D6176 /* PBXContainerItemProxy */;
		};
		4397DD3B1BEA5984002D6176 /* PBXTargetDependency */ = {
			isa = PBXTargetDependency;
			target = 4397DD191BEA5984002D6176 /* Deezer */;
			targetProxy = 4397DD3A1BEA5984002D6176 /* PBXContainerItemProxy */;
		};
/* End PBXTargetDependency section */

/* Begin PBXVariantGroup section */
		4397DD211BEA5984002D6176 /* Main.storyboard */ = {
			isa = PBXVariantGroup;
			children = (
				4397DD221BEA5984002D6176 /* Base */,
			);
			name = Main.storyboard;
			sourceTree = "<group>";
		};
		4397DD261BEA5984002D6176 /* LaunchScreen.storyboard */ = {
			isa = PBXVariantGroup;
			children = (
				4397DD271BEA5984002D6176 /* Base */,
			);
			name = LaunchScreen.storyboard;
			sourceTree = "<group>";
		};
/* End PBXVariantGroup section */

/* Begin XCBuildConfiguration section */
		4397DD401BEA5985002D6176 /* Debug */ = {
			isa = XCBuildConfiguration;
			buildSettings = {
				ALWAYS_SEARCH_USER_PATHS = NO;
				CLANG_CXX_LANGUAGE_STANDARD = "gnu++0x";
				CLANG_CXX_LIBRARY = "libc++";
				CLANG_ENABLE_MODULES = YES;
				CLANG_ENABLE_OBJC_ARC = YES;
				CLANG_WARN_BOOL_CONVERSION = YES;
				CLANG_WARN_CONSTANT_CONVERSION = YES;
				CLANG_WARN_DIRECT_OBJC_ISA_USAGE = YES_ERROR;
				CLANG_WARN_EMPTY_BODY = YES;
				CLANG_WARN_ENUM_CONVERSION = YES;
				CLANG_WARN_INT_CONVERSION = YES;
				CLANG_WARN_OBJC_ROOT_CLASS = YES_ERROR;
				CLANG_WARN_UNREACHABLE_CODE = YES;
				CLANG_WARN__DUPLICATE_METHOD_MATCH = YES;
				"CODE_SIGN_IDENTITY[sdk=iphoneos*]" = "iPhone Developer";
				COPY_PHASE_STRIP = NO;
				DEBUG_INFORMATION_FORMAT = dwarf;
				ENABLE_STRICT_OBJC_MSGSEND = YES;
				ENABLE_TESTABILITY = YES;
				GCC_C_LANGUAGE_STANDARD = gnu99;
				GCC_DYNAMIC_NO_PIC = NO;
				GCC_NO_COMMON_BLOCKS = YES;
				GCC_OPTIMIZATION_LEVEL = 0;
				GCC_PREPROCESSOR_DEFINITIONS = (
					"DEBUG=1",
					"$(inherited)",
				);
				GCC_WARN_64_TO_32_BIT_CONVERSION = YES;
				GCC_WARN_ABOUT_RETURN_TYPE = YES_ERROR;
				GCC_WARN_UNDECLARED_SELECTOR = YES;
				GCC_WARN_UNINITIALIZED_AUTOS = YES_AGGRESSIVE;
				GCC_WARN_UNUSED_FUNCTION = YES;
				GCC_WARN_UNUSED_VARIABLE = YES;
				IPHONEOS_DEPLOYMENT_TARGET = 9.1;
				MTL_ENABLE_DEBUG_INFO = YES;
				ONLY_ACTIVE_ARCH = YES;
				SDKROOT = iphoneos;
				SWIFT_OPTIMIZATION_LEVEL = "-Onone";
				TARGETED_DEVICE_FAMILY = "1,2";
			};
			name = Debug;
		};
		4397DD411BEA5985002D6176 /* Release */ = {
			isa = XCBuildConfiguration;
			buildSettings = {
				ALWAYS_SEARCH_USER_PATHS = NO;
				CLANG_CXX_LANGUAGE_STANDARD = "gnu++0x";
				CLANG_CXX_LIBRARY = "libc++";
				CLANG_ENABLE_MODULES = YES;
				CLANG_ENABLE_OBJC_ARC = YES;
				CLANG_WARN_BOOL_CONVERSION = YES;
				CLANG_WARN_CONSTANT_CONVERSION = YES;
				CLANG_WARN_DIRECT_OBJC_ISA_USAGE = YES_ERROR;
				CLANG_WARN_EMPTY_BODY = YES;
				CLANG_WARN_ENUM_CONVERSION = YES;
				CLANG_WARN_INT_CONVERSION = YES;
				CLANG_WARN_OBJC_ROOT_CLASS = YES_ERROR;
				CLANG_WARN_UNREACHABLE_CODE = YES;
				CLANG_WARN__DUPLICATE_METHOD_MATCH = YES;
				"CODE_SIGN_IDENTITY[sdk=iphoneos*]" = "iPhone Developer";
				COPY_PHASE_STRIP = NO;
				DEBUG_INFORMATION_FORMAT = "dwarf-with-dsym";
				ENABLE_NS_ASSERTIONS = NO;
				ENABLE_STRICT_OBJC_MSGSEND = YES;
				GCC_C_LANGUAGE_STANDARD = gnu99;
				GCC_NO_COMMON_BLOCKS = YES;
				GCC_WARN_64_TO_32_BIT_CONVERSION = YES;
				GCC_WARN_ABOUT_RETURN_TYPE = YES_ERROR;
				GCC_WARN_UNDECLARED_SELECTOR = YES;
				GCC_WARN_UNINITIALIZED_AUTOS = YES_AGGRESSIVE;
				GCC_WARN_UNUSED_FUNCTION = YES;
				GCC_WARN_UNUSED_VARIABLE = YES;
				IPHONEOS_DEPLOYMENT_TARGET = 9.1;
				MTL_ENABLE_DEBUG_INFO = NO;
				SDKROOT = iphoneos;
				TARGETED_DEVICE_FAMILY = "1,2";
				VALIDATE_PRODUCT = YES;
			};
			name = Release;
		};
		4397DD431BEA5985002D6176 /* Debug */ = {
			isa = XCBuildConfiguration;
			buildSettings = {
				ASSETCATALOG_COMPILER_APPICON_NAME = AppIcon;
				INFOPLIST_FILE = Deezer/Info.plist;
				LD_RUNPATH_SEARCH_PATHS = "$(inherited) @executable_path/Frameworks";
				PRODUCT_BUNDLE_IDENTIFIER = com.holimotion.ios.Deezer;
				PRODUCT_NAME = "$(TARGET_NAME)";
			};
			name = Debug;
		};
		4397DD441BEA5985002D6176 /* Release */ = {
			isa = XCBuildConfiguration;
			buildSettings = {
				ASSETCATALOG_COMPILER_APPICON_NAME = AppIcon;
				INFOPLIST_FILE = Deezer/Info.plist;
				LD_RUNPATH_SEARCH_PATHS = "$(inherited) @executable_path/Frameworks";
				PRODUCT_BUNDLE_IDENTIFIER = com.holimotion.ios.Deezer;
				PRODUCT_NAME = "$(TARGET_NAME)";
			};
			name = Release;
		};
		4397DD461BEA5985002D6176 /* Debug */ = {
			isa = XCBuildConfiguration;
			buildSettings = {
				BUNDLE_LOADER = "$(TEST_HOST)";
				INFOPLIST_FILE = DeezerTests/Info.plist;
				LD_RUNPATH_SEARCH_PATHS = "$(inherited) @executable_path/Frameworks @loader_path/Frameworks";
				PRODUCT_BUNDLE_IDENTIFIER = com.holimotion.ios.DeezerTests;
				PRODUCT_NAME = "$(TARGET_NAME)";
				TEST_HOST = "$(BUILT_PRODUCTS_DIR)/Deezer.app/Deezer";
			};
			name = Debug;
		};
		4397DD471BEA5985002D6176 /* Release */ = {
			isa = XCBuildConfiguration;
			buildSettings = {
				BUNDLE_LOADER = "$(TEST_HOST)";
				INFOPLIST_FILE = DeezerTests/Info.plist;
				LD_RUNPATH_SEARCH_PATHS = "$(inherited) @executable_path/Frameworks @loader_path/Frameworks";
				PRODUCT_BUNDLE_IDENTIFIER = com.holimotion.ios.DeezerTests;
				PRODUCT_NAME = "$(TARGET_NAME)";
				TEST_HOST = "$(BUILT_PRODUCTS_DIR)/Deezer.app/Deezer";
			};
			name = Release;
		};
		4397DD491BEA5985002D6176 /* Debug */ = {
			isa = XCBuildConfiguration;
			buildSettings = {
				INFOPLIST_FILE = DeezerUITests/Info.plist;
				LD_RUNPATH_SEARCH_PATHS = "$(inherited) @executable_path/Frameworks @loader_path/Frameworks";
				PRODUCT_BUNDLE_IDENTIFIER = com.holimotion.ios.DeezerUITests;
				PRODUCT_NAME = "$(TARGET_NAME)";
				TEST_TARGET_NAME = Deezer;
				USES_XCTRUNNER = YES;
			};
			name = Debug;
		};
		4397DD4A1BEA5985002D6176 /* Release */ = {
			isa = XCBuildConfiguration;
			buildSettings = {
				INFOPLIST_FILE = DeezerUITests/Info.plist;
				LD_RUNPATH_SEARCH_PATHS = "$(inherited) @executable_path/Frameworks @loader_path/Frameworks";
				PRODUCT_BUNDLE_IDENTIFIER = com.holimotion.ios.DeezerUITests;
				PRODUCT_NAME = "$(TARGET_NAME)";
				TEST_TARGET_NAME = Deezer;
				USES_XCTRUNNER = YES;
			};
			name = Release;
		};
/* End XCBuildConfiguration section */

/* Begin XCConfigurationList section */
		4397DD151BEA5984002D6176 /* Build configuration list for PBXProject "Deezer" */ = {
			isa = XCConfigurationList;
			buildConfigurations = (
				4397DD401BEA5985002D6176 /* Debug */,
				4397DD411BEA5985002D6176 /* Release */,
			);
			defaultConfigurationIsVisible = 0;
			defaultConfigurationName = Release;
		};
		4397DD421BEA5985002D6176 /* Build configuration list for PBXNativeTarget "Deezer" */ = {
			isa = XCConfigurationList;
			buildConfigurations = (
				4397DD431BEA5985002D6176 /* Debug */,
				4397DD441BEA5985002D6176 /* Release */,
			);
			defaultConfigurationIsVisible = 0;
		};
		4397DD451BEA5985002D6176 /* Build configuration list for PBXNativeTarget "DeezerTests" */ = {
			isa = XCConfigurationList;
			buildConfigurations = (
				4397DD461BEA5985002D6176 /* Debug */,
				4397DD471BEA5985002D6176 /* Release */,
			);
			defaultConfigurationIsVisible = 0;
		};
		4397DD481BEA5985002D6176 /* Build configuration list for PBXNativeTarget "DeezerUITests" */ = {
			isa = XCConfigurationList;
			buildConfigurations = (
				4397DD491BEA5985002D6176 /* Debug */,
				4397DD4A1BEA5985002D6176 /* Release */,
			);
			defaultConfigurationIsVisible = 0;
		};
/* End XCConfigurationList section */
	};
	rootObject = 4397DD121BEA5984002D6176 /* Project object */;
}
